
Microsoft Visual Studio Solution File, Format Version 12.00
# Visual Studio Version 16
VisualStudioVersion = 16.0.31410.357
MinimumVisualStudioVersion = 10.0.40219.1
Project("{FAE04EC0-301F-11D3-BF4B-00C04F79EFBC}") = "IslamZA.Android", "IslamZA.Android\IslamZA.Android.csproj", "{61447DB5-68D2-4739-A2B7-CDB5AB0EB4A8}"
EndProject
Project("{FAE04EC0-301F-11D3-BF4B-00C04F79EFBC}") = "IslamZA.iOS", "IslamZA.iOS\IslamZA.iOS.csproj", "{0FBD5F2D-51E9-4C00-BA18-AB9DA68F0C5A}"
EndProject
Project("{FAE04EC0-301F-11D3-BF4B-00C04F79EFBC}") = "IslamZA", "IslamZA\IslamZA.csproj", "{546B76E8-AA98-4B03-8BD4-C89C59A2797B}"
EndProject
Global
	GlobalSection(SolutionConfigurationPlatforms) = preSolution
		Debug|Any CPU = Debug|Any CPU
		Debug|iPhone = Debug|iPhone
		Debug|iPhoneSimulator = Debug|iPhoneSimulator
		Release|Any CPU = Release|Any CPU
		Release|iPhone = Release|iPhone
		Release|iPhoneSimulator = Release|iPhoneSimulator
	EndGlobalSection
	GlobalSection(ProjectConfigurationPlatforms) = postSolution
		{61447DB5-68D2-4739-A2B7-CDB5AB0EB4A8}.Debug|Any CPU.ActiveCfg = Debug|Any CPU
		{61447DB5-68D2-4739-A2B7-CDB5AB0EB4A8}.Debug|Any CPU.Build.0 = Debug|Any CPU
		{61447DB5-68D2-4739-A2B7-CDB5AB0EB4A8}.Debug|Any CPU.Deploy.0 = Debug|Any CPU
		{61447DB5-68D2-4739-A2B7-CDB5AB0EB4A8}.Debug|iPhone.ActiveCfg = Debug|Any CPU
		{61447DB5-68D2-4739-A2B7-CDB5AB0EB4A8}.Debug|iPhone.Build.0 = Debug|Any CPU
		{61447DB5-68D2-4739-A2B7-CDB5AB0EB4A8}.Debug|iPhone.Deploy.0 = Debug|Any CPU
		{61447DB5-68D2-4739-A2B7-CDB5AB0EB4A8}.Debug|iPhoneSimulator.ActiveCfg = Debug|Any CPU
		{61447DB5-68D2-4739-A2B7-CDB5AB0EB4A8}.Debug|iPhoneSimulator.Build.0 = Debug|Any CPU
		{61447DB5-68D2-4739-A2B7-CDB5AB0EB4A8}.Debug|iPhoneSimulator.Deploy.0 = Debug|Any CPU
		{61447DB5-68D2-4739-A2B7-CDB5AB0EB4A8}.Release|Any CPU.ActiveCfg = Release|Any CPU
		{61447DB5-68D2-4739-A2B7-CDB5AB0EB4A8}.Release|Any CPU.Build.0 = Release|Any CPU
		{61447DB5-68D2-4739-A2B7-CDB5AB0EB4A8}.Release|Any CPU.Deploy.0 = Release|Any CPU
		{61447DB5-68D2-4739-A2B7-CDB5AB0EB4A8}.Release|iPhone.ActiveCfg = Release|Any CPU
		{61447DB5-68D2-4739-A2B7-CDB5AB0EB4A8}.Release|iPhone.Build.0 = Release|Any CPU
		{61447DB5-68D2-4739-A2B7-CDB5AB0EB4A8}.Release|iPhone.Deploy.0 = Release|Any CPU
		{61447DB5-68D2-4739-A2B7-CDB5AB0EB4A8}.Release|iPhoneSimulator.ActiveCfg = Release|Any CPU
		{61447DB5-68D2-4739-A2B7-CDB5AB0EB4A8}.Release|iPhoneSimulator.Build.0 = Release|Any CPU
		{61447DB5-68D2-4739-A2B7-CDB5AB0EB4A8}.Release|iPhoneSimulator.Deploy.0 = Release|Any CPU
		{0FBD5F2D-51E9-4C00-BA18-AB9DA68F0C5A}.Debug|Any CPU.ActiveCfg = Debug|iPhone
		{0FBD5F2D-51E9-4C00-BA18-AB9DA68F0C5A}.Debug|Any CPU.Build.0 = Debug|iPhone
		{0FBD5F2D-51E9-4C00-BA18-AB9DA68F0C5A}.Debug|Any CPU.Deploy.0 = Debug|iPhone
		{0FBD5F2D-51E9-4C00-BA18-AB9DA68F0C5A}.Debug|iPhone.ActiveCfg = Debug|iPhone
		{0FBD5F2D-51E9-4C00-BA18-AB9DA68F0C5A}.Debug|iPhone.Build.0 = Debug|iPhone
		{0FBD5F2D-51E9-4C00-BA18-AB9DA68F0C5A}.Debug|iPhone.Deploy.0 = Debug|iPhone
		{0FBD5F2D-51E9-4C00-BA18-AB9DA68F0C5A}.Debug|iPhoneSimulator.ActiveCfg = Debug|iPhoneSimulator
		{0FBD5F2D-51E9-4C00-BA18-AB9DA68F0C5A}.Debug|iPhoneSimulator.Build.0 = Debug|iPhoneSimulator
		{0FBD5F2D-51E9-4C00-BA18-AB9DA68F0C5A}.Debug|iPhoneSimulator.Deploy.0 = Debug|iPhoneSimulator
		{0FBD5F2D-51E9-4C00-BA18-AB9DA68F0C5A}.Release|Any CPU.ActiveCfg = Release|iPhoneSimulator
		{0FBD5F2D-51E9-4C00-BA18-AB9DA68F0C5A}.Release|Any CPU.Build.0 = Release|iPhoneSimulator
		{0FBD5F2D-51E9-4C00-BA18-AB9DA68F0C5A}.Release|Any CPU.Deploy.0 = Release|iPhoneSimulator
		{0FBD5F2D-51E9-4C00-BA18-AB9DA68F0C5A}.Release|iPhone.ActiveCfg = Release|iPhone
		{0FBD5F2D-51E9-4C00-BA18-AB9DA68F0C5A}.Release|iPhone.Build.0 = Release|iPhone
		{0FBD5F2D-51E9-4C00-BA18-AB9DA68F0C5A}.Release|iPhone.Deploy.0 = Release|iPhone
		{0FBD5F2D-51E9-4C00-BA18-AB9DA68F0C5A}.Release|iPhoneSimulator.ActiveCfg = Release|iPhoneSimulator
		{0FBD5F2D-51E9-4C00-BA18-AB9DA68F0C5A}.Release|iPhoneSimulator.Build.0 = Release|iPhoneSimulator
		{0FBD5F2D-51E9-4C00-BA18-AB9DA68F0C5A}.Release|iPhoneSimulator.Deploy.0 = Release|iPhoneSimulator
		{546B76E8-AA98-4B03-8BD4-C89C59A2797B}.Debug|Any CPU.ActiveCfg = Debug|Any CPU
		{546B76E8-AA98-4B03-8BD4-C89C59A2797B}.Debug|Any CPU.Build.0 = Debug|Any CPU
		{546B76E8-AA98-4B03-8BD4-C89C59A2797B}.Debug|Any CPU.Deploy.0 = Debug|Any CPU
		{546B76E8-AA98-4B03-8BD4-C89C59A2797B}.Debug|iPhone.ActiveCfg = Debug|Any CPU
		{546B76E8-AA98-4B03-8BD4-C89C59A2797B}.Debug|iPhone.Build.0 = Debug|Any CPU
		{546B76E8-AA98-4B03-8BD4-C89C59A2797B}.Debug|iPhone.Deploy.0 = Debug|Any CPU
		{546B76E8-AA98-4B03-8BD4-C89C59A2797B}.Debug|iPhoneSimulator.ActiveCfg = Debug|Any CPU
		{546B76E8-AA98-4B03-8BD4-C89C59A2797B}.Debug|iPhoneSimulator.Build.0 = Debug|Any CPU
		{546B76E8-AA98-4B03-8BD4-C89C59A2797B}.Debug|iPhoneSimulator.Deploy.0 = Debug|Any CPU
		{546B76E8-AA98-4B03-8BD4-C89C59A2797B}.Release|Any CPU.ActiveCfg = Release|Any CPU
		{546B76E8-AA98-4B03-8BD4-C89C59A2797B}.Release|Any CPU.Build.0 = Release|Any CPU
		{546B76E8-AA98-4B03-8BD4-C89C59A2797B}.Release|Any CPU.Deploy.0 = Release|Any CPU
		{546B76E8-AA98-4B03-8BD4-C89C59A2797B}.Release|iPhone.ActiveCfg = Release|Any CPU
		{546B76E8-AA98-4B03-8BD4-C89C59A2797B}.Release|iPhone.Build.0 = Release|Any CPU
		{546B76E8-AA98-4B03-8BD4-C89C59A2797B}.Release|iPhone.Deploy.0 = Release|Any CPU
		{546B76E8-AA98-4B03-8BD4-C89C59A2797B}.Release|iPhoneSimulator.ActiveCfg = Release|Any CPU
		{546B76E8-AA98-4B03-8BD4-C89C59A2797B}.Release|iPhoneSimulator.Build.0 = Release|Any CPU
		{546B76E8-AA98-4B03-8BD4-C89C59A2797B}.Release|iPhoneSimulator.Deploy.0 = Release|Any CPU
	EndGlobalSection
	GlobalSection(SolutionProperties) = preSolution
		HideSolutionNode = FALSE
	EndGlobalSection
	GlobalSection(ExtensibilityGlobals) = postSolution
		SolutionGuid = {0935F2F7-28A7-4299-896A-A2F002083C4F}
	EndGlobalSection
EndGlobal
